
Microsoft Visual Studio Solution File, Format Version 12.00
# Visual Studio Version 17
VisualStudioVersion = 17.9.34728.123
MinimumVisualStudioVersion = 10.0.40219.1
Project("{FAE04EC0-301F-11D3-BF4B-00C04F79EFBC}") = "M1A - Part 3_ALSON", "M1A - Part 3_ALSON\M1A - Part 3_ALSON.csproj", "{354F61A4-5981-4672-AC33-6530067AD2AA}"
EndProject
Global
	GlobalSection(SolutionConfigurationPlatforms) = preSolution
		Debug|Any CPU = Debug|Any CPU
		Release|Any CPU = Release|Any CPU
	EndGlobalSection
	GlobalSection(ProjectConfigurationPlatforms) = postSolution
		{354F61A4-5981-4672-AC33-6530067AD2AA}.Debug|Any CPU.ActiveCfg = Debug|Any CPU
		{354F61A4-5981-4672-AC33-6530067AD2AA}.Debug|Any CPU.Build.0 = Debug|Any CPU
		{354F61A4-5981-4672-AC33-6530067AD2AA}.Release|Any CPU.ActiveCfg = Release|Any CPU
		{354F61A4-5981-4672-AC33-6530067AD2AA}.Release|Any CPU.Build.0 = Release|Any CPU
	EndGlobalSection
	GlobalSection(SolutionProperties) = preSolution
		HideSolutionNode = FALSE
	EndGlobalSection
	GlobalSection(ExtensibilityGlobals) = postSolution
		SolutionGuid = {8665E1C2-DA6F-4BBC-B387-0E65B2084FF0}
	EndGlobalSection
EndGlobal
